// !$*UTF8*$!
{
	archiveVersion = 1;
	classes = {
	};
	objectVersion = 46;
	objects = {

/* Begin PBXBuildFile section */
		1D3623260D0F684500981E51 /* twpieAppDelegate.m in Sources */ = {isa = PBXBuildFile; fileRef = 1D3623250D0F684500981E51 /* twpieAppDelegate.m */; };
		1D60589B0D05DD56006BFB54 /* main.m in Sources */ = {isa = PBXBuildFile; fileRef = 29B97316FDCFA39411CA2CEA /* main.m */; };
		1D60589F0D05DD5A006BFB54 /* Foundation.framework in Frameworks */ = {isa = PBXBuildFile; fileRef = 1D30AB110D05D00D00671497 /* Foundation.framework */; };
		1DF5F4E00D08C38300B7A737 /* UIKit.framework in Frameworks */ = {isa = PBXBuildFile; fileRef = 1DF5F4DF0D08C38300B7A737 /* UIKit.framework */; };
		28860BE50F44EE6400985440 /* CoreData.framework in Frameworks */ = {isa = PBXBuildFile; fileRef = 28860BE40F44EE6400985440 /* CoreData.framework */; };
		2892E4100DC94CBA00A64D0F /* CoreGraphics.framework in Frameworks */ = {isa = PBXBuildFile; fileRef = 2892E40F0DC94CBA00A64D0F /* CoreGraphics.framework */; };
		2899E5600DE3E45000AC0155 /* RootViewController.xib in Resources */ = {isa = PBXBuildFile; fileRef = 2899E55F0DE3E45000AC0155 /* RootViewController.xib */; };
		28AD73600D9D9599002E5188 /* MainWindow.xib in Resources */ = {isa = PBXBuildFile; fileRef = 28AD735F0D9D9599002E5188 /* MainWindow.xib */; };
		28C286E10D94DF7D0034E888 /* RootViewController.m in Sources */ = {isa = PBXBuildFile; fileRef = 28C286E00D94DF7D0034E888 /* RootViewController.m */; };
		417F7D5E11F060BB0091993B /* TweetCell.m in Sources */ = {isa = PBXBuildFile; fileRef = 417F7D5D11F060BB0091993B /* TweetCell.m */; };
		419257D31206E8A800629AD8 /* TweetCell.xib in Resources */ = {isa = PBXBuildFile; fileRef = 419257D21206E8A800629AD8 /* TweetCell.xib */; };
		41925AD2120854CA00629AD8 /* TweetRepository.m in Sources */ = {isa = PBXBuildFile; fileRef = 41925AD1120854CA00629AD8 /* TweetRepository.m */; };
		41AA9AB411EF7C2D0044FA6C /* WelcomeViewController.m in Sources */ = {isa = PBXBuildFile; fileRef = 41AA9AB211EF7C2D0044FA6C /* WelcomeViewController.m */; };
		41AA9AB511EF7C2D0044FA6C /* WelcomeViewController.xib in Resources */ = {isa = PBXBuildFile; fileRef = 41AA9AB311EF7C2D0044FA6C /* WelcomeViewController.xib */; };
		41AA9B1811EF86D00044FA6C /* bird.png in Resources */ = {isa = PBXBuildFile; fileRef = 41AA9B1711EF86D00044FA6C /* bird.png */; };
		41AA9B3C11EF8E970044FA6C /* icon.png in Resources */ = {isa = PBXBuildFile; fileRef = 41AA9B3B11EF8E970044FA6C /* icon.png */; };
		41AA9CAE11EFAF980044FA6C /* TweetTemplate.m in Sources */ = {isa = PBXBuildFile; fileRef = 41AA9CAD11EFAF980044FA6C /* TweetTemplate.m */; };
		41C0945B120F44D600276FD3 /* updates-bg.png in Resources */ = {isa = PBXBuildFile; fileRef = 41C0945A120F44D600276FD3 /* updates-bg.png */; };
		41C5A38911EE4E6B00E634ED /* MessageViewController.m in Sources */ = {isa = PBXBuildFile; fileRef = 41C5A38711EE4E6B00E634ED /* MessageViewController.m */; };
		41C5A38A11EE4E6B00E634ED /* MessageViewController.xib in Resources */ = {isa = PBXBuildFile; fileRef = 41C5A38811EE4E6B00E634ED /* MessageViewController.xib */; };
		41FF763D12094F99009139E9 /* libxml2.2.dylib in Frameworks */ = {isa = PBXBuildFile; fileRef = 41FF763C12094F99009139E9 /* libxml2.2.dylib */; };
		41FF76ED120968AE009139E9 /* login-bg.png in Resources */ = {isa = PBXBuildFile; fileRef = 41FF76EC120968AE009139E9 /* login-bg.png */; };
		41FF770212096B9D009139E9 /* login-head-bg.png in Resources */ = {isa = PBXBuildFile; fileRef = 41FF770112096B9D009139E9 /* login-head-bg.png */; };
		41FF784812099379009139E9 /* twitter-bird-writing.png in Resources */ = {isa = PBXBuildFile; fileRef = 41FF784712099379009139E9 /* twitter-bird-writing.png */; };
		41FF784B12099412009139E9 /* messages-bg.png in Resources */ = {isa = PBXBuildFile; fileRef = 41FF784A12099412009139E9 /* messages-bg.png */; };
		41FF78F21209AA69009139E9 /* Settings.bundle in Resources */ = {isa = PBXBuildFile; fileRef = 41FF78F11209AA69009139E9 /* Settings.bundle */; };
		41FF7962120A0C55009139E9 /* NSMutableURLRequest+Parameters.m in Sources */ = {isa = PBXBuildFile; fileRef = 41FF793C120A0C55009139E9 /* NSMutableURLRequest+Parameters.m */; };
		41FF7963120A0C55009139E9 /* NSString+URLEncoding.m in Sources */ = {isa = PBXBuildFile; fileRef = 41FF793E120A0C55009139E9 /* NSString+URLEncoding.m */; };
		41FF7964120A0C55009139E9 /* NSURL+Base.m in Sources */ = {isa = PBXBuildFile; fileRef = 41FF7940120A0C55009139E9 /* NSURL+Base.m */; };
		41FF7965120A0C55009139E9 /* Base64Transcoder.c in Sources */ = {isa = PBXBuildFile; fileRef = 41FF7942120A0C55009139E9 /* Base64Transcoder.c */; };
		41FF7966120A0C55009139E9 /* hmac.c in Sources */ = {isa = PBXBuildFile; fileRef = 41FF7944120A0C55009139E9 /* hmac.c */; };
		41FF7967120A0C55009139E9 /* sha1.c in Sources */ = {isa = PBXBuildFile; fileRef = 41FF7946120A0C55009139E9 /* sha1.c */; };
		41FF7968120A0C55009139E9 /* OACall.m in Sources */ = {isa = PBXBuildFile; fileRef = 41FF7949120A0C55009139E9 /* OACall.m */; };
		41FF7969120A0C55009139E9 /* OAConsumer.m in Sources */ = {isa = PBXBuildFile; fileRef = 41FF794B120A0C55009139E9 /* OAConsumer.m */; };
		41FF796A120A0C55009139E9 /* OADataFetcher.m in Sources */ = {isa = PBXBuildFile; fileRef = 41FF794D120A0C55009139E9 /* OADataFetcher.m */; };
		41FF796B120A0C55009139E9 /* OAHMAC_SHA1SignatureProvider.m in Sources */ = {isa = PBXBuildFile; fileRef = 41FF794F120A0C55009139E9 /* OAHMAC_SHA1SignatureProvider.m */; };
		41FF796C120A0C55009139E9 /* OAMutableURLRequest.m in Sources */ = {isa = PBXBuildFile; fileRef = 41FF7951120A0C55009139E9 /* OAMutableURLRequest.m */; };
		41FF796D120A0C55009139E9 /* OAPlaintextSignatureProvider.m in Sources */ = {isa = PBXBuildFile; fileRef = 41FF7953120A0C55009139E9 /* OAPlaintextSignatureProvider.m */; };
		41FF796E120A0C55009139E9 /* OAProblem.m in Sources */ = {isa = PBXBuildFile; fileRef = 41FF7955120A0C55009139E9 /* OAProblem.m */; };
		41FF796F120A0C55009139E9 /* OARequestParameter.m in Sources */ = {isa = PBXBuildFile; fileRef = 41FF7957120A0C55009139E9 /* OARequestParameter.m */; };
		41FF7970120A0C55009139E9 /* OAServiceTicket.m in Sources */ = {isa = PBXBuildFile; fileRef = 41FF7959120A0C55009139E9 /* OAServiceTicket.m */; };
		41FF7971120A0C55009139E9 /* OATestServer.rb in Resources */ = {isa = PBXBuildFile; fileRef = 41FF795B120A0C55009139E9 /* OATestServer.rb */; };
		41FF7972120A0C55009139E9 /* OAToken.m in Sources */ = {isa = PBXBuildFile; fileRef = 41FF795D120A0C55009139E9 /* OAToken.m */; };
		41FF7973120A0C55009139E9 /* OATokenManager.m in Sources */ = {isa = PBXBuildFile; fileRef = 41FF795F120A0C55009139E9 /* OATokenManager.m */; };
		41FF7974120A0C55009139E9 /* README in Resources */ = {isa = PBXBuildFile; fileRef = 41FF7961120A0C55009139E9 /* README */; };
		41FF79BC120A0C7B009139E9 /* MGTwitterEngine.m in Sources */ = {isa = PBXBuildFile; fileRef = 41FF7980120A0C7B009139E9 /* MGTwitterEngine.m */; };
		41FF79BD120A0C7B009139E9 /* MGTwitterHTTPURLConnection.m in Sources */ = {isa = PBXBuildFile; fileRef = 41FF7987120A0C7B009139E9 /* MGTwitterHTTPURLConnection.m */; };
		41FF79BE120A0C7B009139E9 /* MGTwitterLibXMLParser.m in Sources */ = {isa = PBXBuildFile; fileRef = 41FF7989120A0C7B009139E9 /* MGTwitterLibXMLParser.m */; };
		41FF79BF120A0C7B009139E9 /* MGTwitterMessagesLibXMLParser.m in Sources */ = {isa = PBXBuildFile; fileRef = 41FF798B120A0C7B009139E9 /* MGTwitterMessagesLibXMLParser.m */; };
		41FF79C0120A0C7B009139E9 /* MGTwitterMessagesParser.m in Sources */ = {isa = PBXBuildFile; fileRef = 41FF798D120A0C7B009139E9 /* MGTwitterMessagesParser.m */; };
		41FF79C2120A0C7B009139E9 /* MGTwitterMiscLibXMLParser.m in Sources */ = {isa = PBXBuildFile; fileRef = 41FF7991120A0C7B009139E9 /* MGTwitterMiscLibXMLParser.m */; };
		41FF79C3120A0C7B009139E9 /* MGTwitterMiscParser.m in Sources */ = {isa = PBXBuildFile; fileRef = 41FF7993120A0C7B009139E9 /* MGTwitterMiscParser.m */; };
		41FF79C6120A0C7B009139E9 /* MGTwitterSocialGraphLibXMLParser.m in Sources */ = {isa = PBXBuildFile; fileRef = 41FF799B120A0C7B009139E9 /* MGTwitterSocialGraphLibXMLParser.m */; };
		41FF79C7120A0C7B009139E9 /* MGTwitterSocialGraphParser.m in Sources */ = {isa = PBXBuildFile; fileRef = 41FF799D120A0C7B009139E9 /* MGTwitterSocialGraphParser.m */; };
		41FF79C8120A0C7B009139E9 /* MGTwitterStatusesLibXMLParser.m in Sources */ = {isa = PBXBuildFile; fileRef = 41FF799F120A0C7B009139E9 /* MGTwitterStatusesLibXMLParser.m */; };
		41FF79C9120A0C7B009139E9 /* MGTwitterStatusesParser.m in Sources */ = {isa = PBXBuildFile; fileRef = 41FF79A1120A0C7B009139E9 /* MGTwitterStatusesParser.m */; };
		41FF79CC120A0C7B009139E9 /* MGTwitterUsersLibXMLParser.m in Sources */ = {isa = PBXBuildFile; fileRef = 41FF79A7120A0C7B009139E9 /* MGTwitterUsersLibXMLParser.m */; };
		41FF79CD120A0C7B009139E9 /* MGTwitterUsersParser.m in Sources */ = {isa = PBXBuildFile; fileRef = 41FF79A9120A0C7B009139E9 /* MGTwitterUsersParser.m */; };
		41FF79CF120A0C7B009139E9 /* MGTwitterXMLParser.m in Sources */ = {isa = PBXBuildFile; fileRef = 41FF79AD120A0C7B009139E9 /* MGTwitterXMLParser.m */; };
		41FF79D1120A0C7B009139E9 /* NSData+Base64.m in Sources */ = {isa = PBXBuildFile; fileRef = 41FF79B1120A0C7B009139E9 /* NSData+Base64.m */; };
		41FF79D2120A0C7B009139E9 /* NSString+UUID.m in Sources */ = {isa = PBXBuildFile; fileRef = 41FF79B3120A0C7B009139E9 /* NSString+UUID.m */; };
		41FF7CA3120AFEB9009139E9 /* READ.ME in Resources */ = {isa = PBXBuildFile; fileRef = 41FF7CA2120AFEB9009139E9 /* READ.ME */; };
/* End PBXBuildFile section */

/* Begin PBXFileReference section */
		1D30AB110D05D00D00671497 /* Foundation.framework */ = {isa = PBXFileReference; lastKnownFileType = wrapper.framework; name = Foundation.framework; path = System/Library/Frameworks/Foundation.framework; sourceTree = SDKROOT; };
		1D3623240D0F684500981E51 /* twpieAppDelegate.h */ = {isa = PBXFileReference; fileEncoding = 4; lastKnownFileType = sourcecode.c.h; path = twpieAppDelegate.h; sourceTree = "<group>"; };
		1D3623250D0F684500981E51 /* twpieAppDelegate.m */ = {isa = PBXFileReference; fileEncoding = 4; lastKnownFileType = sourcecode.c.objc; path = twpieAppDelegate.m; sourceTree = "<group>"; };
		1D6058910D05DD3D006BFB54 /* twpie.app */ = {isa = PBXFileReference; explicitFileType = wrapper.application; includeInIndex = 0; path = twpie.app; sourceTree = BUILT_PRODUCTS_DIR; };
		1DF5F4DF0D08C38300B7A737 /* UIKit.framework */ = {isa = PBXFileReference; lastKnownFileType = wrapper.framework; name = UIKit.framework; path = System/Library/Frameworks/UIKit.framework; sourceTree = SDKROOT; };
		28860BE40F44EE6400985440 /* CoreData.framework */ = {isa = PBXFileReference; lastKnownFileType = wrapper.framework; name = CoreData.framework; path = System/Library/Frameworks/CoreData.framework; sourceTree = SDKROOT; };
		2892E40F0DC94CBA00A64D0F /* CoreGraphics.framework */ = {isa = PBXFileReference; lastKnownFileType = wrapper.framework; name = CoreGraphics.framework; path = System/Library/Frameworks/CoreGraphics.framework; sourceTree = SDKROOT; };
		2899E55F0DE3E45000AC0155 /* RootViewController.xib */ = {isa = PBXFileReference; lastKnownFileType = file.xib; path = RootViewController.xib; sourceTree = "<group>"; };
		28A0AAE50D9B0CCF005BE974 /* twpie_Prefix.pch */ = {isa = PBXFileReference; fileEncoding = 4; lastKnownFileType = sourcecode.c.h; path = twpie_Prefix.pch; sourceTree = "<group>"; };
		28AD735F0D9D9599002E5188 /* MainWindow.xib */ = {isa = PBXFileReference; lastKnownFileType = file.xib; path = MainWindow.xib; sourceTree = "<group>"; };
		28C286DF0D94DF7D0034E888 /* RootViewController.h */ = {isa = PBXFileReference; fileEncoding = 4; lastKnownFileType = sourcecode.c.h; path = RootViewController.h; sourceTree = "<group>"; };
		28C286E00D94DF7D0034E888 /* RootViewController.m */ = {isa = PBXFileReference; fileEncoding = 4; lastKnownFileType = sourcecode.c.objc; path = RootViewController.m; sourceTree = "<group>"; };
		29B97316FDCFA39411CA2CEA /* main.m */ = {isa = PBXFileReference; fileEncoding = 4; lastKnownFileType = sourcecode.c.objc; path = main.m; sourceTree = "<group>"; };
		417F7D5C11F060BB0091993B /* TweetCell.h */ = {isa = PBXFileReference; fileEncoding = 4; lastKnownFileType = sourcecode.c.h; path = TweetCell.h; sourceTree = "<group>"; };
		417F7D5D11F060BB0091993B /* TweetCell.m */ = {isa = PBXFileReference; fileEncoding = 4; lastKnownFileType = sourcecode.c.objc; path = TweetCell.m; sourceTree = "<group>"; };
		419257D21206E8A800629AD8 /* TweetCell.xib */ = {isa = PBXFileReference; lastKnownFileType = file.xib; path = TweetCell.xib; sourceTree = "<group>"; };
		41925AD0120854CA00629AD8 /* TweetRepository.h */ = {isa = PBXFileReference; fileEncoding = 4; lastKnownFileType = sourcecode.c.h; path = TweetRepository.h; sourceTree = "<group>"; };
		41925AD1120854CA00629AD8 /* TweetRepository.m */ = {isa = PBXFileReference; fileEncoding = 4; indentWidth = 4; lastKnownFileType = sourcecode.c.objc; path = TweetRepository.m; sourceTree = "<group>"; tabWidth = 4; usesTabs = 1; };
		41AA9AB111EF7C2D0044FA6C /* WelcomeViewController.h */ = {isa = PBXFileReference; fileEncoding = 4; lastKnownFileType = sourcecode.c.h; path = WelcomeViewController.h; sourceTree = "<group>"; };
		41AA9AB211EF7C2D0044FA6C /* WelcomeViewController.m */ = {isa = PBXFileReference; fileEncoding = 4; lastKnownFileType = sourcecode.c.objc; path = WelcomeViewController.m; sourceTree = "<group>"; };
		41AA9AB311EF7C2D0044FA6C /* WelcomeViewController.xib */ = {isa = PBXFileReference; lastKnownFileType = file.xib; name = WelcomeViewController.xib; path = Classes/WelcomeViewController.xib; sourceTree = "<group>"; };
		41AA9B1711EF86D00044FA6C /* bird.png */ = {isa = PBXFileReference; lastKnownFileType = image.png; path = bird.png; sourceTree = "<group>"; };
		41AA9B3B11EF8E970044FA6C /* icon.png */ = {isa = PBXFileReference; lastKnownFileType = image.png; path = icon.png; sourceTree = "<group>"; };
		41AA9CAC11EFAF980044FA6C /* TweetTemplate.h */ = {isa = PBXFileReference; fileEncoding = 4; lastKnownFileType = sourcecode.c.h; path = TweetTemplate.h; sourceTree = "<group>"; };
		41AA9CAD11EFAF980044FA6C /* TweetTemplate.m */ = {isa = PBXFileReference; fileEncoding = 4; lastKnownFileType = sourcecode.c.objc; path = TweetTemplate.m; sourceTree = "<group>"; };
		41C0945A120F44D600276FD3 /* updates-bg.png */ = {isa = PBXFileReference; lastKnownFileType = image.png; path = "updates-bg.png"; sourceTree = "<group>"; };
		41C5A38611EE4E6B00E634ED /* MessageViewController.h */ = {isa = PBXFileReference; fileEncoding = 4; lastKnownFileType = sourcecode.c.h; path = MessageViewController.h; sourceTree = "<group>"; };
		41C5A38711EE4E6B00E634ED /* MessageViewController.m */ = {isa = PBXFileReference; fileEncoding = 4; lastKnownFileType = sourcecode.c.objc; path = MessageViewController.m; sourceTree = "<group>"; };
		41C5A38811EE4E6B00E634ED /* MessageViewController.xib */ = {isa = PBXFileReference; lastKnownFileType = file.xib; name = MessageViewController.xib; path = Classes/MessageViewController.xib; sourceTree = "<group>"; };
		41FF763C12094F99009139E9 /* libxml2.2.dylib */ = {isa = PBXFileReference; lastKnownFileType = "compiled.mach-o.dylib"; name = libxml2.2.dylib; path = usr/lib/libxml2.2.dylib; sourceTree = SDKROOT; };
		41FF76EC120968AE009139E9 /* login-bg.png */ = {isa = PBXFileReference; lastKnownFileType = image.png; path = "login-bg.png"; sourceTree = "<group>"; };
		41FF770112096B9D009139E9 /* login-head-bg.png */ = {isa = PBXFileReference; lastKnownFileType = image.png; path = "login-head-bg.png"; sourceTree = "<group>"; };
		41FF784712099379009139E9 /* twitter-bird-writing.png */ = {isa = PBXFileReference; lastKnownFileType = image.png; path = "twitter-bird-writing.png"; sourceTree = "<group>"; };
		41FF784A12099412009139E9 /* messages-bg.png */ = {isa = PBXFileReference; lastKnownFileType = image.png; path = "messages-bg.png"; sourceTree = "<group>"; };
		41FF78F11209AA69009139E9 /* Settings.bundle */ = {isa = PBXFileReference; lastKnownFileType = "wrapper.plug-in"; path = Settings.bundle; sourceTree = "<group>"; };
		41FF793B120A0C55009139E9 /* NSMutableURLRequest+Parameters.h */ = {isa = PBXFileReference; fileEncoding = 4; lastKnownFileType = sourcecode.c.h; path = "NSMutableURLRequest+Parameters.h"; sourceTree = "<group>"; };
		41FF793C120A0C55009139E9 /* NSMutableURLRequest+Parameters.m */ = {isa = PBXFileReference; fileEncoding = 4; lastKnownFileType = sourcecode.c.objc; path = "NSMutableURLRequest+Parameters.m"; sourceTree = "<group>"; };
		41FF793D120A0C55009139E9 /* NSString+URLEncoding.h */ = {isa = PBXFileReference; fileEncoding = 4; lastKnownFileType = sourcecode.c.h; path = "NSString+URLEncoding.h"; sourceTree = "<group>"; };
		41FF793E120A0C55009139E9 /* NSString+URLEncoding.m */ = {isa = PBXFileReference; fileEncoding = 4; lastKnownFileType = sourcecode.c.objc; path = "NSString+URLEncoding.m"; sourceTree = "<group>"; };
		41FF793F120A0C55009139E9 /* NSURL+Base.h */ = {isa = PBXFileReference; fileEncoding = 4; lastKnownFileType = sourcecode.c.h; path = "NSURL+Base.h"; sourceTree = "<group>"; };
		41FF7940120A0C55009139E9 /* NSURL+Base.m */ = {isa = PBXFileReference; fileEncoding = 4; lastKnownFileType = sourcecode.c.objc; path = "NSURL+Base.m"; sourceTree = "<group>"; };
		41FF7942120A0C55009139E9 /* Base64Transcoder.c */ = {isa = PBXFileReference; fileEncoding = 4; lastKnownFileType = sourcecode.c.c; path = Base64Transcoder.c; sourceTree = "<group>"; };
		41FF7943120A0C55009139E9 /* Base64Transcoder.h */ = {isa = PBXFileReference; fileEncoding = 4; lastKnownFileType = sourcecode.c.h; path = Base64Transcoder.h; sourceTree = "<group>"; };
		41FF7944120A0C55009139E9 /* hmac.c */ = {isa = PBXFileReference; fileEncoding = 4; lastKnownFileType = sourcecode.c.c; path = hmac.c; sourceTree = "<group>"; };
		41FF7945120A0C55009139E9 /* hmac.h */ = {isa = PBXFileReference; fileEncoding = 4; lastKnownFileType = sourcecode.c.h; path = hmac.h; sourceTree = "<group>"; };
		41FF7946120A0C55009139E9 /* sha1.c */ = {isa = PBXFileReference; fileEncoding = 4; lastKnownFileType = sourcecode.c.c; path = sha1.c; sourceTree = "<group>"; };
		41FF7947120A0C55009139E9 /* sha1.h */ = {isa = PBXFileReference; fileEncoding = 4; lastKnownFileType = sourcecode.c.h; path = sha1.h; sourceTree = "<group>"; };
		41FF7948120A0C55009139E9 /* OACall.h */ = {isa = PBXFileReference; fileEncoding = 4; lastKnownFileType = sourcecode.c.h; name = OACall.h; path = oauthconsumer/OACall.h; sourceTree = "<group>"; };
		41FF7949120A0C55009139E9 /* OACall.m */ = {isa = PBXFileReference; fileEncoding = 4; lastKnownFileType = sourcecode.c.objc; name = OACall.m; path = oauthconsumer/OACall.m; sourceTree = "<group>"; };
		41FF794A120A0C55009139E9 /* OAConsumer.h */ = {isa = PBXFileReference; fileEncoding = 4; lastKnownFileType = sourcecode.c.h; name = OAConsumer.h; path = oauthconsumer/OAConsumer.h; sourceTree = "<group>"; };
		41FF794B120A0C55009139E9 /* OAConsumer.m */ = {isa = PBXFileReference; fileEncoding = 4; lastKnownFileType = sourcecode.c.objc; name = OAConsumer.m; path = oauthconsumer/OAConsumer.m; sourceTree = "<group>"; };
		41FF794C120A0C55009139E9 /* OADataFetcher.h */ = {isa = PBXFileReference; fileEncoding = 4; lastKnownFileType = sourcecode.c.h; name = OADataFetcher.h; path = oauthconsumer/OADataFetcher.h; sourceTree = "<group>"; };
		41FF794D120A0C55009139E9 /* OADataFetcher.m */ = {isa = PBXFileReference; fileEncoding = 4; lastKnownFileType = sourcecode.c.objc; name = OADataFetcher.m; path = oauthconsumer/OADataFetcher.m; sourceTree = "<group>"; };
		41FF794E120A0C55009139E9 /* OAHMAC_SHA1SignatureProvider.h */ = {isa = PBXFileReference; fileEncoding = 4; lastKnownFileType = sourcecode.c.h; name = OAHMAC_SHA1SignatureProvider.h; path = oauthconsumer/OAHMAC_SHA1SignatureProvider.h; sourceTree = "<group>"; };
		41FF794F120A0C55009139E9 /* OAHMAC_SHA1SignatureProvider.m */ = {isa = PBXFileReference; fileEncoding = 4; lastKnownFileType = sourcecode.c.objc; name = OAHMAC_SHA1SignatureProvider.m; path = oauthconsumer/OAHMAC_SHA1SignatureProvider.m; sourceTree = "<group>"; };
		41FF7950120A0C55009139E9 /* OAMutableURLRequest.h */ = {isa = PBXFileReference; fileEncoding = 4; lastKnownFileType = sourcecode.c.h; name = OAMutableURLRequest.h; path = oauthconsumer/OAMutableURLRequest.h; sourceTree = "<group>"; };
		41FF7951120A0C55009139E9 /* OAMutableURLRequest.m */ = {isa = PBXFileReference; fileEncoding = 4; lastKnownFileType = sourcecode.c.objc; name = OAMutableURLRequest.m; path = oauthconsumer/OAMutableURLRequest.m; sourceTree = "<group>"; };
		41FF7952120A0C55009139E9 /* OAPlaintextSignatureProvider.h */ = {isa = PBXFileReference; fileEncoding = 4; lastKnownFileType = sourcecode.c.h; name = OAPlaintextSignatureProvider.h; path = oauthconsumer/OAPlaintextSignatureProvider.h; sourceTree = "<group>"; };
		41FF7953120A0C55009139E9 /* OAPlaintextSignatureProvider.m */ = {isa = PBXFileReference; fileEncoding = 4; lastKnownFileType = sourcecode.c.objc; name = OAPlaintextSignatureProvider.m; path = oauthconsumer/OAPlaintextSignatureProvider.m; sourceTree = "<group>"; };
		41FF7954120A0C55009139E9 /* OAProblem.h */ = {isa = PBXFileReference; fileEncoding = 4; lastKnownFileType = sourcecode.c.h; name = OAProblem.h; path = oauthconsumer/OAProblem.h; sourceTree = "<group>"; };
		41FF7955120A0C55009139E9 /* OAProblem.m */ = {isa = PBXFileReference; fileEncoding = 4; lastKnownFileType = sourcecode.c.objc; name = OAProblem.m; path = oauthconsumer/OAProblem.m; sourceTree = "<group>"; };
		41FF7956120A0C55009139E9 /* OARequestParameter.h */ = {isa = PBXFileReference; fileEncoding = 4; lastKnownFileType = sourcecode.c.h; name = OARequestParameter.h; path = oauthconsumer/OARequestParameter.h; sourceTree = "<group>"; };
		41FF7957120A0C55009139E9 /* OARequestParameter.m */ = {isa = PBXFileReference; fileEncoding = 4; lastKnownFileType = sourcecode.c.objc; name = OARequestParameter.m; path = oauthconsumer/OARequestParameter.m; sourceTree = "<group>"; };
		41FF7958120A0C55009139E9 /* OAServiceTicket.h */ = {isa = PBXFileReference; fileEncoding = 4; lastKnownFileType = sourcecode.c.h; name = OAServiceTicket.h; path = oauthconsumer/OAServiceTicket.h; sourceTree = "<group>"; };
		41FF7959120A0C55009139E9 /* OAServiceTicket.m */ = {isa = PBXFileReference; fileEncoding = 4; lastKnownFileType = sourcecode.c.objc; name = OAServiceTicket.m; path = oauthconsumer/OAServiceTicket.m; sourceTree = "<group>"; };
		41FF795A120A0C55009139E9 /* OASignatureProviding.h */ = {isa = PBXFileReference; fileEncoding = 4; lastKnownFileType = sourcecode.c.h; name = OASignatureProviding.h; path = oauthconsumer/OASignatureProviding.h; sourceTree = "<group>"; };
		41FF795B120A0C55009139E9 /* OATestServer.rb */ = {isa = PBXFileReference; fileEncoding = 4; lastKnownFileType = text.script.ruby; name = OATestServer.rb; path = oauthconsumer/OATestServer.rb; sourceTree = "<group>"; };
		41FF795C120A0C55009139E9 /* OAToken.h */ = {isa = PBXFileReference; fileEncoding = 4; lastKnownFileType = sourcecode.c.h; name = OAToken.h; path = oauthconsumer/OAToken.h; sourceTree = "<group>"; };
		41FF795D120A0C55009139E9 /* OAToken.m */ = {isa = PBXFileReference; fileEncoding = 4; lastKnownFileType = sourcecode.c.objc; name = OAToken.m; path = oauthconsumer/OAToken.m; sourceTree = "<group>"; };
		41FF795E120A0C55009139E9 /* OATokenManager.h */ = {isa = PBXFileReference; fileEncoding = 4; lastKnownFileType = sourcecode.c.h; name = OATokenManager.h; path = oauthconsumer/OATokenManager.h; sourceTree = "<group>"; };
		41FF795F120A0C55009139E9 /* OATokenManager.m */ = {isa = PBXFileReference; fileEncoding = 4; lastKnownFileType = sourcecode.c.objc; name = OATokenManager.m; path = oauthconsumer/OATokenManager.m; sourceTree = "<group>"; };
		41FF7960120A0C55009139E9 /* OAuthConsumer.h */ = {isa = PBXFileReference; fileEncoding = 4; lastKnownFileType = sourcecode.c.h; name = OAuthConsumer.h; path = oauthconsumer/OAuthConsumer.h; sourceTree = "<group>"; };
		41FF7961120A0C55009139E9 /* README */ = {isa = PBXFileReference; fileEncoding = 4; lastKnownFileType = text; name = README; path = oauthconsumer/README; sourceTree = "<group>"; };
		41FF797F120A0C7B009139E9 /* MGTwitterEngine.h */ = {isa = PBXFileReference; fileEncoding = 4; lastKnownFileType = sourcecode.c.h; path = MGTwitterEngine.h; sourceTree = "<group>"; };
		41FF7980120A0C7B009139E9 /* MGTwitterEngine.m */ = {isa = PBXFileReference; fileEncoding = 4; lastKnownFileType = sourcecode.c.objc; path = MGTwitterEngine.m; sourceTree = "<group>"; };
		41FF7984120A0C7B009139E9 /* MGTwitterEngineDelegate.h */ = {isa = PBXFileReference; fileEncoding = 4; lastKnownFileType = sourcecode.c.h; path = MGTwitterEngineDelegate.h; sourceTree = "<group>"; };
		41FF7985120A0C7B009139E9 /* MGTwitterEngineGlobalHeader.h */ = {isa = PBXFileReference; fileEncoding = 4; lastKnownFileType = sourcecode.c.h; path = MGTwitterEngineGlobalHeader.h; sourceTree = "<group>"; };
		41FF7986120A0C7B009139E9 /* MGTwitterHTTPURLConnection.h */ = {isa = PBXFileReference; fileEncoding = 4; lastKnownFileType = sourcecode.c.h; path = MGTwitterHTTPURLConnection.h; sourceTree = "<group>"; };
		41FF7987120A0C7B009139E9 /* MGTwitterHTTPURLConnection.m */ = {isa = PBXFileReference; fileEncoding = 4; lastKnownFileType = sourcecode.c.objc; path = MGTwitterHTTPURLConnection.m; sourceTree = "<group>"; };
		41FF7988120A0C7B009139E9 /* MGTwitterLibXMLParser.h */ = {isa = PBXFileReference; fileEncoding = 4; lastKnownFileType = sourcecode.c.h; path = MGTwitterLibXMLParser.h; sourceTree = "<group>"; };
		41FF7989120A0C7B009139E9 /* MGTwitterLibXMLParser.m */ = {isa = PBXFileReference; fileEncoding = 4; lastKnownFileType = sourcecode.c.objc; path = MGTwitterLibXMLParser.m; sourceTree = "<group>"; };
		41FF798A120A0C7B009139E9 /* MGTwitterMessagesLibXMLParser.h */ = {isa = PBXFileReference; fileEncoding = 4; lastKnownFileType = sourcecode.c.h; path = MGTwitterMessagesLibXMLParser.h; sourceTree = "<group>"; };
		41FF798B120A0C7B009139E9 /* MGTwitterMessagesLibXMLParser.m */ = {isa = PBXFileReference; fileEncoding = 4; lastKnownFileType = sourcecode.c.objc; path = MGTwitterMessagesLibXMLParser.m; sourceTree = "<group>"; };
		41FF798C120A0C7B009139E9 /* MGTwitterMessagesParser.h */ = {isa = PBXFileReference; fileEncoding = 4; lastKnownFileType = sourcecode.c.h; path = MGTwitterMessagesParser.h; sourceTree = "<group>"; };
		41FF798D120A0C7B009139E9 /* MGTwitterMessagesParser.m */ = {isa = PBXFileReference; fileEncoding = 4; lastKnownFileType = sourcecode.c.objc; path = MGTwitterMessagesParser.m; sourceTree = "<group>"; };
		41FF7990120A0C7B009139E9 /* MGTwitterMiscLibXMLParser.h */ = {isa = PBXFileReference; fileEncoding = 4; lastKnownFileType = sourcecode.c.h; path = MGTwitterMiscLibXMLParser.h; sourceTree = "<group>"; };
		41FF7991120A0C7B009139E9 /* MGTwitterMiscLibXMLParser.m */ = {isa = PBXFileReference; fileEncoding = 4; lastKnownFileType = sourcecode.c.objc; path = MGTwitterMiscLibXMLParser.m; sourceTree = "<group>"; };
		41FF7992120A0C7B009139E9 /* MGTwitterMiscParser.h */ = {isa = PBXFileReference; fileEncoding = 4; lastKnownFileType = sourcecode.c.h; path = MGTwitterMiscParser.h; sourceTree = "<group>"; };
		41FF7993120A0C7B009139E9 /* MGTwitterMiscParser.m */ = {isa = PBXFileReference; fileEncoding = 4; lastKnownFileType = sourcecode.c.objc; path = MGTwitterMiscParser.m; sourceTree = "<group>"; };
		41FF7996120A0C7B009139E9 /* MGTwitterParserDelegate.h */ = {isa = PBXFileReference; fileEncoding = 4; lastKnownFileType = sourcecode.c.h; path = MGTwitterParserDelegate.h; sourceTree = "<group>"; };
		41FF7997120A0C7B009139E9 /* MGTwitterRequestTypes.h */ = {isa = PBXFileReference; fileEncoding = 4; lastKnownFileType = sourcecode.c.h; path = MGTwitterRequestTypes.h; sourceTree = "<group>"; };
		41FF799A120A0C7B009139E9 /* MGTwitterSocialGraphLibXMLParser.h */ = {isa = PBXFileReference; fileEncoding = 4; lastKnownFileType = sourcecode.c.h; path = MGTwitterSocialGraphLibXMLParser.h; sourceTree = "<group>"; };
		41FF799B120A0C7B009139E9 /* MGTwitterSocialGraphLibXMLParser.m */ = {isa = PBXFileReference; fileEncoding = 4; lastKnownFileType = sourcecode.c.objc; path = MGTwitterSocialGraphLibXMLParser.m; sourceTree = "<group>"; };
		41FF799C120A0C7B009139E9 /* MGTwitterSocialGraphParser.h */ = {isa = PBXFileReference; fileEncoding = 4; lastKnownFileType = sourcecode.c.h; path = MGTwitterSocialGraphParser.h; sourceTree = "<group>"; };
		41FF799D120A0C7B009139E9 /* MGTwitterSocialGraphParser.m */ = {isa = PBXFileReference; fileEncoding = 4; lastKnownFileType = sourcecode.c.objc; path = MGTwitterSocialGraphParser.m; sourceTree = "<group>"; };
		41FF799E120A0C7B009139E9 /* MGTwitterStatusesLibXMLParser.h */ = {isa = PBXFileReference; fileEncoding = 4; lastKnownFileType = sourcecode.c.h; path = MGTwitterStatusesLibXMLParser.h; sourceTree = "<group>"; };
		41FF799F120A0C7B009139E9 /* MGTwitterStatusesLibXMLParser.m */ = {isa = PBXFileReference; fileEncoding = 4; lastKnownFileType = sourcecode.c.objc; path = MGTwitterStatusesLibXMLParser.m; sourceTree = "<group>"; };
		41FF79A0120A0C7B009139E9 /* MGTwitterStatusesParser.h */ = {isa = PBXFileReference; fileEncoding = 4; lastKnownFileType = sourcecode.c.h; path = MGTwitterStatusesParser.h; sourceTree = "<group>"; };
		41FF79A1120A0C7B009139E9 /* MGTwitterStatusesParser.m */ = {isa = PBXFileReference; fileEncoding = 4; lastKnownFileType = sourcecode.c.objc; path = MGTwitterStatusesParser.m; sourceTree = "<group>"; };
		41FF79A6120A0C7B009139E9 /* MGTwitterUsersLibXMLParser.h */ = {isa = PBXFileReference; fileEncoding = 4; lastKnownFileType = sourcecode.c.h; path = MGTwitterUsersLibXMLParser.h; sourceTree = "<group>"; };
		41FF79A7120A0C7B009139E9 /* MGTwitterUsersLibXMLParser.m */ = {isa = PBXFileReference; fileEncoding = 4; lastKnownFileType = sourcecode.c.objc; path = MGTwitterUsersLibXMLParser.m; sourceTree = "<group>"; };
		41FF79A8120A0C7B009139E9 /* MGTwitterUsersParser.h */ = {isa = PBXFileReference; fileEncoding = 4; lastKnownFileType = sourcecode.c.h; path = MGTwitterUsersParser.h; sourceTree = "<group>"; };
		41FF79A9120A0C7B009139E9 /* MGTwitterUsersParser.m */ = {isa = PBXFileReference; fileEncoding = 4; lastKnownFileType = sourcecode.c.objc; path = MGTwitterUsersParser.m; sourceTree = "<group>"; };
		41FF79AC120A0C7B009139E9 /* MGTwitterXMLParser.h */ = {isa = PBXFileReference; fileEncoding = 4; lastKnownFileType = sourcecode.c.h; path = MGTwitterXMLParser.h; sourceTree = "<group>"; };
		41FF79AD120A0C7B009139E9 /* MGTwitterXMLParser.m */ = {isa = PBXFileReference; fileEncoding = 4; lastKnownFileType = sourcecode.c.objc; path = MGTwitterXMLParser.m; sourceTree = "<group>"; };
		41FF79B0120A0C7B009139E9 /* NSData+Base64.h */ = {isa = PBXFileReference; fileEncoding = 4; lastKnownFileType = sourcecode.c.h; path = "NSData+Base64.h"; sourceTree = "<group>"; };
		41FF79B1120A0C7B009139E9 /* NSData+Base64.m */ = {isa = PBXFileReference; fileEncoding = 4; lastKnownFileType = sourcecode.c.objc; path = "NSData+Base64.m"; sourceTree = "<group>"; };
		41FF79B2120A0C7B009139E9 /* NSString+UUID.h */ = {isa = PBXFileReference; fileEncoding = 4; lastKnownFileType = sourcecode.c.h; path = "NSString+UUID.h"; sourceTree = "<group>"; };
		41FF79B3120A0C7B009139E9 /* NSString+UUID.m */ = {isa = PBXFileReference; fileEncoding = 4; lastKnownFileType = sourcecode.c.objc; path = "NSString+UUID.m"; sourceTree = "<group>"; };
		41FF7B93120AE41D009139E9 /* TwitterSettings.h */ = {isa = PBXFileReference; fileEncoding = 4; lastKnownFileType = sourcecode.c.h; path = TwitterSettings.h; sourceTree = "<group>"; };
		41FF7CA2120AFEB9009139E9 /* READ.ME */ = {isa = PBXFileReference; fileEncoding = 4; lastKnownFileType = text; path = READ.ME; sourceTree = "<group>"; };
		8D1107310486CEB800E47090 /* twpie-Info.plist */ = {isa = PBXFileReference; fileEncoding = 4; lastKnownFileType = text.plist.xml; path = "twpie-Info.plist"; plistStructureDefinitionIdentifier = "com.apple.xcode.plist.structure-definition.iphone.info-plist"; sourceTree = "<group>"; };
/* End PBXFileReference section */

/* Begin PBXFrameworksBuildPhase section */
		1D60588F0D05DD3D006BFB54 /* Frameworks */ = {
			isa = PBXFrameworksBuildPhase;
			buildActionMask = 2147483647;
			files = (
				1D60589F0D05DD5A006BFB54 /* Foundation.framework in Frameworks */,
				1DF5F4E00D08C38300B7A737 /* UIKit.framework in Frameworks */,
				2892E4100DC94CBA00A64D0F /* CoreGraphics.framework in Frameworks */,
				28860BE50F44EE6400985440 /* CoreData.framework in Frameworks */,
				41FF763D12094F99009139E9 /* libxml2.2.dylib in Frameworks */,
			);
			runOnlyForDeploymentPostprocessing = 0;
		};
/* End PBXFrameworksBuildPhase section */

/* Begin PBXGroup section */
		080E96DDFE201D6D7F000001 /* Classes */ = {
			isa = PBXGroup;
			children = (
				41C5A38611EE4E6B00E634ED /* MessageViewController.h */,
				41C5A38711EE4E6B00E634ED /* MessageViewController.m */,
				28C286DF0D94DF7D0034E888 /* RootViewController.h */,
				28C286E00D94DF7D0034E888 /* RootViewController.m */,
				1D3623240D0F684500981E51 /* twpieAppDelegate.h */,
				1D3623250D0F684500981E51 /* twpieAppDelegate.m */,
				41AA9AB111EF7C2D0044FA6C /* WelcomeViewController.h */,
				41AA9AB211EF7C2D0044FA6C /* WelcomeViewController.m */,
				41AA9CAC11EFAF980044FA6C /* TweetTemplate.h */,
				41AA9CAD11EFAF980044FA6C /* TweetTemplate.m */,
				417F7D5C11F060BB0091993B /* TweetCell.h */,
				417F7D5D11F060BB0091993B /* TweetCell.m */,
				41925AD0120854CA00629AD8 /* TweetRepository.h */,
				41925AD1120854CA00629AD8 /* TweetRepository.m */,
				41FF7B93120AE41D009139E9 /* TwitterSettings.h */,
			);
			path = Classes;
			sourceTree = "<group>";
		};
		19C28FACFE9D520D11CA2CBB /* Products */ = {
			isa = PBXGroup;
			children = (
				1D6058910D05DD3D006BFB54 /* twpie.app */,
			);
			name = Products;
			sourceTree = "<group>";
		};
		29B97314FDCFA39411CA2CEA /* CustomTemplate */ = {
			isa = PBXGroup;
			children = (
				41C5A42711EE611100E634ED /* Libraries */,
				080E96DDFE201D6D7F000001 /* Classes */,
				29B97315FDCFA39411CA2CEA /* Other Sources */,
				29B97317FDCFA39411CA2CEA /* Resources */,
				29B97323FDCFA39411CA2CEA /* Frameworks */,
				19C28FACFE9D520D11CA2CBB /* Products */,
				41FF78F11209AA69009139E9 /* Settings.bundle */,
				41FF7CA2120AFEB9009139E9 /* READ.ME */,
			);
			name = CustomTemplate;
			sourceTree = "<group>";
		};
		29B97315FDCFA39411CA2CEA /* Other Sources */ = {
			isa = PBXGroup;
			children = (
				28A0AAE50D9B0CCF005BE974 /* twpie_Prefix.pch */,
				29B97316FDCFA39411CA2CEA /* main.m */,
			);
			name = "Other Sources";
			sourceTree = "<group>";
		};
		29B97317FDCFA39411CA2CEA /* Resources */ = {
			isa = PBXGroup;
			children = (
				41FF784A12099412009139E9 /* messages-bg.png */,
				41C0945A120F44D600276FD3 /* updates-bg.png */,
				41FF770112096B9D009139E9 /* login-head-bg.png */,
				41FF784712099379009139E9 /* twitter-bird-writing.png */,
				41FF76EC120968AE009139E9 /* login-bg.png */,
				41AA9B1711EF86D00044FA6C /* bird.png */,
				41AA9B3B11EF8E970044FA6C /* icon.png */,
				419257D21206E8A800629AD8 /* TweetCell.xib */,
				28AD735F0D9D9599002E5188 /* MainWindow.xib */,
				2899E55F0DE3E45000AC0155 /* RootViewController.xib */,
				41C5A38811EE4E6B00E634ED /* MessageViewController.xib */,
				41AA9AB311EF7C2D0044FA6C /* WelcomeViewController.xib */,
				8D1107310486CEB800E47090 /* twpie-Info.plist */,
			);
			name = Resources;
			sourceTree = "<group>";
		};
		29B97323FDCFA39411CA2CEA /* Frameworks */ = {
			isa = PBXGroup;
			children = (
				1DF5F4DF0D08C38300B7A737 /* UIKit.framework */,
				1D30AB110D05D00D00671497 /* Foundation.framework */,
				2892E40F0DC94CBA00A64D0F /* CoreGraphics.framework */,
				28860BE40F44EE6400985440 /* CoreData.framework */,
				41FF763C12094F99009139E9 /* libxml2.2.dylib */,
			);
			name = Frameworks;
			sourceTree = "<group>";
		};
		41C5A42711EE611100E634ED /* Libraries */ = {
			isa = PBXGroup;
			children = (
				41FF7939120A0C40009139E9 /* oauthconsumer */,
				41C5A53011EF0EB600E634ED /* MGTwitterEngine */,
			);
			path = Libraries;
			sourceTree = "<group>";
		};
		41C5A53011EF0EB600E634ED /* MGTwitterEngine */ = {
			isa = PBXGroup;
			children = (
				41FF797F120A0C7B009139E9 /* MGTwitterEngine.h */,
				41FF7980120A0C7B009139E9 /* MGTwitterEngine.m */,
				41FF7984120A0C7B009139E9 /* MGTwitterEngineDelegate.h */,
				41FF7985120A0C7B009139E9 /* MGTwitterEngineGlobalHeader.h */,
				41FF7986120A0C7B009139E9 /* MGTwitterHTTPURLConnection.h */,
				41FF7987120A0C7B009139E9 /* MGTwitterHTTPURLConnection.m */,
				41FF7988120A0C7B009139E9 /* MGTwitterLibXMLParser.h */,
				41FF7989120A0C7B009139E9 /* MGTwitterLibXMLParser.m */,
				41FF798A120A0C7B009139E9 /* MGTwitterMessagesLibXMLParser.h */,
				41FF798B120A0C7B009139E9 /* MGTwitterMessagesLibXMLParser.m */,
				41FF798C120A0C7B009139E9 /* MGTwitterMessagesParser.h */,
				41FF798D120A0C7B009139E9 /* MGTwitterMessagesParser.m */,
				41FF7990120A0C7B009139E9 /* MGTwitterMiscLibXMLParser.h */,
				41FF7991120A0C7B009139E9 /* MGTwitterMiscLibXMLParser.m */,
				41FF7992120A0C7B009139E9 /* MGTwitterMiscParser.h */,
				41FF7993120A0C7B009139E9 /* MGTwitterMiscParser.m */,
				41FF7996120A0C7B009139E9 /* MGTwitterParserDelegate.h */,
				41FF7997120A0C7B009139E9 /* MGTwitterRequestTypes.h */,
				41FF799A120A0C7B009139E9 /* MGTwitterSocialGraphLibXMLParser.h */,
				41FF799B120A0C7B009139E9 /* MGTwitterSocialGraphLibXMLParser.m */,
				41FF799C120A0C7B009139E9 /* MGTwitterSocialGraphParser.h */,
				41FF799D120A0C7B009139E9 /* MGTwitterSocialGraphParser.m */,
				41FF799E120A0C7B009139E9 /* MGTwitterStatusesLibXMLParser.h */,
				41FF799F120A0C7B009139E9 /* MGTwitterStatusesLibXMLParser.m */,
				41FF79A0120A0C7B009139E9 /* MGTwitterStatusesParser.h */,
				41FF79A1120A0C7B009139E9 /* MGTwitterStatusesParser.m */,
				41FF79A6120A0C7B009139E9 /* MGTwitterUsersLibXMLParser.h */,
				41FF79A7120A0C7B009139E9 /* MGTwitterUsersLibXMLParser.m */,
				41FF79A8120A0C7B009139E9 /* MGTwitterUsersParser.h */,
				41FF79A9120A0C7B009139E9 /* MGTwitterUsersParser.m */,
				41FF79AC120A0C7B009139E9 /* MGTwitterXMLParser.h */,
				41FF79AD120A0C7B009139E9 /* MGTwitterXMLParser.m */,
				41FF79B0120A0C7B009139E9 /* NSData+Base64.h */,
				41FF79B1120A0C7B009139E9 /* NSData+Base64.m */,
				41FF79B2120A0C7B009139E9 /* NSString+UUID.h */,
				41FF79B3120A0C7B009139E9 /* NSString+UUID.m */,
			);
			path = MGTwitterEngine;
			sourceTree = "<group>";
		};
		41FF7939120A0C40009139E9 /* oauthconsumer */ = {
			isa = PBXGroup;
			children = (
				41FF793A120A0C55009139E9 /* Categories */,
				41FF7941120A0C55009139E9 /* Crytpo */,
				41FF7948120A0C55009139E9 /* OACall.h */,
				41FF7949120A0C55009139E9 /* OACall.m */,
				41FF794A120A0C55009139E9 /* OAConsumer.h */,
				41FF794B120A0C55009139E9 /* OAConsumer.m */,
				41FF794C120A0C55009139E9 /* OADataFetcher.h */,
				41FF794D120A0C55009139E9 /* OADataFetcher.m */,
				41FF794E120A0C55009139E9 /* OAHMAC_SHA1SignatureProvider.h */,
				41FF794F120A0C55009139E9 /* OAHMAC_SHA1SignatureProvider.m */,
				41FF7950120A0C55009139E9 /* OAMutableURLRequest.h */,
				41FF7951120A0C55009139E9 /* OAMutableURLRequest.m */,
				41FF7952120A0C55009139E9 /* OAPlaintextSignatureProvider.h */,
				41FF7953120A0C55009139E9 /* OAPlaintextSignatureProvider.m */,
				41FF7954120A0C55009139E9 /* OAProblem.h */,
				41FF7955120A0C55009139E9 /* OAProblem.m */,
				41FF7956120A0C55009139E9 /* OARequestParameter.h */,
				41FF7957120A0C55009139E9 /* OARequestParameter.m */,
				41FF7958120A0C55009139E9 /* OAServiceTicket.h */,
				41FF7959120A0C55009139E9 /* OAServiceTicket.m */,
				41FF795A120A0C55009139E9 /* OASignatureProviding.h */,
				41FF795B120A0C55009139E9 /* OATestServer.rb */,
				41FF795C120A0C55009139E9 /* OAToken.h */,
				41FF795D120A0C55009139E9 /* OAToken.m */,
				41FF795E120A0C55009139E9 /* OATokenManager.h */,
				41FF795F120A0C55009139E9 /* OATokenManager.m */,
				41FF7960120A0C55009139E9 /* OAuthConsumer.h */,
				41FF7961120A0C55009139E9 /* README */,
			);
			name = oauthconsumer;
			sourceTree = "<group>";
		};
		41FF793A120A0C55009139E9 /* Categories */ = {
			isa = PBXGroup;
			children = (
				41FF793B120A0C55009139E9 /* NSMutableURLRequest+Parameters.h */,
				41FF793C120A0C55009139E9 /* NSMutableURLRequest+Parameters.m */,
				41FF793D120A0C55009139E9 /* NSString+URLEncoding.h */,
				41FF793E120A0C55009139E9 /* NSString+URLEncoding.m */,
				41FF793F120A0C55009139E9 /* NSURL+Base.h */,
				41FF7940120A0C55009139E9 /* NSURL+Base.m */,
			);
			name = Categories;
			path = oauthconsumer/Categories;
			sourceTree = "<group>";
		};
		41FF7941120A0C55009139E9 /* Crytpo */ = {
			isa = PBXGroup;
			children = (
				41FF7942120A0C55009139E9 /* Base64Transcoder.c */,
				41FF7943120A0C55009139E9 /* Base64Transcoder.h */,
				41FF7944120A0C55009139E9 /* hmac.c */,
				41FF7945120A0C55009139E9 /* hmac.h */,
				41FF7946120A0C55009139E9 /* sha1.c */,
				41FF7947120A0C55009139E9 /* sha1.h */,
			);
			name = Crytpo;
			path = oauthconsumer/Crytpo;
			sourceTree = "<group>";
		};
/* End PBXGroup section */

/* Begin PBXNativeTarget section */
		1D6058900D05DD3D006BFB54 /* twpie */ = {
			isa = PBXNativeTarget;
			buildConfigurationList = 1D6058960D05DD3E006BFB54 /* Build configuration list for PBXNativeTarget "twpie" */;
			buildPhases = (
				1D60588D0D05DD3D006BFB54 /* Resources */,
				1D60588E0D05DD3D006BFB54 /* Sources */,
				1D60588F0D05DD3D006BFB54 /* Frameworks */,
			);
			buildRules = (
			);
			dependencies = (
			);
			name = twpie;
			productName = twpie;
			productReference = 1D6058910D05DD3D006BFB54 /* twpie.app */;
			productType = "com.apple.product-type.application";
		};
/* End PBXNativeTarget section */

/* Begin PBXProject section */
		29B97313FDCFA39411CA2CEA /* Project object */ = {
			isa = PBXProject;
			attributes = {
				ORGANIZATIONNAME = Commanigy;
			};
			buildConfigurationList = C01FCF4E08A954540054247B /* Build configuration list for PBXProject "twpie" */;
			compatibilityVersion = "Xcode 3.2";
			hasScannedForEncodings = 1;
			knownRegions = (
				English,
				Japanese,
				French,
				German,
				en,
			);
			mainGroup = 29B97314FDCFA39411CA2CEA /* CustomTemplate */;
			projectDirPath = "";
			projectRoot = "";
			targets = (
				1D6058900D05DD3D006BFB54 /* twpie */,
			);
		};
/* End PBXProject section */

/* Begin PBXResourcesBuildPhase section */
		1D60588D0D05DD3D006BFB54 /* Resources */ = {
			isa = PBXResourcesBuildPhase;
			buildActionMask = 2147483647;
			files = (
				28AD73600D9D9599002E5188 /* MainWindow.xib in Resources */,
				2899E5600DE3E45000AC0155 /* RootViewController.xib in Resources */,
				41C5A38A11EE4E6B00E634ED /* MessageViewController.xib in Resources */,
				41AA9AB511EF7C2D0044FA6C /* WelcomeViewController.xib in Resources */,
				41AA9B1811EF86D00044FA6C /* bird.png in Resources */,
				41AA9B3C11EF8E970044FA6C /* icon.png in Resources */,
				419257D31206E8A800629AD8 /* TweetCell.xib in Resources */,
				41FF76ED120968AE009139E9 /* login-bg.png in Resources */,
				41FF770212096B9D009139E9 /* login-head-bg.png in Resources */,
				41FF784812099379009139E9 /* twitter-bird-writing.png in Resources */,
				41FF784B12099412009139E9 /* messages-bg.png in Resources */,
				41FF78F21209AA69009139E9 /* Settings.bundle in Resources */,
				41FF7971120A0C55009139E9 /* OATestServer.rb in Resources */,
				41FF7974120A0C55009139E9 /* README in Resources */,
				41FF7CA3120AFEB9009139E9 /* READ.ME in Resources */,
				41C0945B120F44D600276FD3 /* updates-bg.png in Resources */,
			);
			runOnlyForDeploymentPostprocessing = 0;
		};
/* End PBXResourcesBuildPhase section */

/* Begin PBXSourcesBuildPhase section */
		1D60588E0D05DD3D006BFB54 /* Sources */ = {
			isa = PBXSourcesBuildPhase;
			buildActionMask = 2147483647;
			files = (
				1D60589B0D05DD56006BFB54 /* main.m in Sources */,
				1D3623260D0F684500981E51 /* twpieAppDelegate.m in Sources */,
				28C286E10D94DF7D0034E888 /* RootViewController.m in Sources */,
				41C5A38911EE4E6B00E634ED /* MessageViewController.m in Sources */,
				41AA9AB411EF7C2D0044FA6C /* WelcomeViewController.m in Sources */,
				41AA9CAE11EFAF980044FA6C /* TweetTemplate.m in Sources */,
				417F7D5E11F060BB0091993B /* TweetCell.m in Sources */,
				41925AD2120854CA00629AD8 /* TweetRepository.m in Sources */,
				41FF7962120A0C55009139E9 /* NSMutableURLRequest+Parameters.m in Sources */,
				41FF7963120A0C55009139E9 /* NSString+URLEncoding.m in Sources */,
				41FF7964120A0C55009139E9 /* NSURL+Base.m in Sources */,
				41FF7965120A0C55009139E9 /* Base64Transcoder.c in Sources */,
				41FF7966120A0C55009139E9 /* hmac.c in Sources */,
				41FF7967120A0C55009139E9 /* sha1.c in Sources */,
				41FF7968120A0C55009139E9 /* OACall.m in Sources */,
				41FF7969120A0C55009139E9 /* OAConsumer.m in Sources */,
				41FF796A120A0C55009139E9 /* OADataFetcher.m in Sources */,
				41FF796B120A0C55009139E9 /* OAHMAC_SHA1SignatureProvider.m in Sources */,
				41FF796C120A0C55009139E9 /* OAMutableURLRequest.m in Sources */,
				41FF796D120A0C55009139E9 /* OAPlaintextSignatureProvider.m in Sources */,
				41FF796E120A0C55009139E9 /* OAProblem.m in Sources */,
				41FF796F120A0C55009139E9 /* OARequestParameter.m in Sources */,
				41FF7970120A0C55009139E9 /* OAServiceTicket.m in Sources */,
				41FF7972120A0C55009139E9 /* OAToken.m in Sources */,
				41FF7973120A0C55009139E9 /* OATokenManager.m in Sources */,
				41FF79BC120A0C7B009139E9 /* MGTwitterEngine.m in Sources */,
				41FF79BD120A0C7B009139E9 /* MGTwitterHTTPURLConnection.m in Sources */,
				41FF79BE120A0C7B009139E9 /* MGTwitterLibXMLParser.m in Sources */,
				41FF79BF120A0C7B009139E9 /* MGTwitterMessagesLibXMLParser.m in Sources */,
				41FF79C0120A0C7B009139E9 /* MGTwitterMessagesParser.m in Sources */,
				41FF79C2120A0C7B009139E9 /* MGTwitterMiscLibXMLParser.m in Sources */,
				41FF79C3120A0C7B009139E9 /* MGTwitterMiscParser.m in Sources */,
				41FF79C6120A0C7B009139E9 /* MGTwitterSocialGraphLibXMLParser.m in Sources */,
				41FF79C7120A0C7B009139E9 /* MGTwitterSocialGraphParser.m in Sources */,
				41FF79C8120A0C7B009139E9 /* MGTwitterStatusesLibXMLParser.m in Sources */,
				41FF79C9120A0C7B009139E9 /* MGTwitterStatusesParser.m in Sources */,
				41FF79CC120A0C7B009139E9 /* MGTwitterUsersLibXMLParser.m in Sources */,
				41FF79CD120A0C7B009139E9 /* MGTwitterUsersParser.m in Sources */,
				41FF79CF120A0C7B009139E9 /* MGTwitterXMLParser.m in Sources */,
				41FF79D1120A0C7B009139E9 /* NSData+Base64.m in Sources */,
				41FF79D2120A0C7B009139E9 /* NSString+UUID.m in Sources */,
			);
			runOnlyForDeploymentPostprocessing = 0;
		};
/* End PBXSourcesBuildPhase section */

/* Begin XCBuildConfiguration section */
		1D6058940D05DD3E006BFB54 /* Debug */ = {
			isa = XCBuildConfiguration;
			buildSettings = {
				ALWAYS_SEARCH_USER_PATHS = NO;
				ARCHS = "$(ARCHS_STANDARD_32_BIT)";
				COPY_PHASE_STRIP = NO;
				GCC_DYNAMIC_NO_PIC = NO;
				GCC_OPTIMIZATION_LEVEL = 0;
				GCC_PRECOMPILE_PREFIX_HEADER = YES;
				GCC_PREFIX_HEADER = twpie_Prefix.pch;
				INFOPLIST_FILE = "twpie-Info.plist";
				PRODUCT_NAME = twpie;
				TARGETED_DEVICE_FAMILY = "1,2";
				VALID_ARCHS = "arm6 armv7";
			};
			name = Debug;
		};
		1D6058950D05DD3E006BFB54 /* Release */ = {
			isa = XCBuildConfiguration;
			buildSettings = {
				ALWAYS_SEARCH_USER_PATHS = NO;
				COPY_PHASE_STRIP = YES;
				GCC_PRECOMPILE_PREFIX_HEADER = YES;
				GCC_PREFIX_HEADER = twpie_Prefix.pch;
				INFOPLIST_FILE = "twpie-Info.plist";
				PRODUCT_NAME = twpie;
				VALIDATE_PRODUCT = YES;
			};
			name = Release;
		};
		41C09380120C35A000276FD3 /* Distribution */ = {
			isa = XCBuildConfiguration;
			buildSettings = {
				ARCHS = "$(ARCHS_STANDARD_32_BIT)";
				"CODE_SIGN_IDENTITY[sdk=iphoneos*]" = "iPhone Distribution";
				GCC_C_LANGUAGE_STANDARD = c99;
				GCC_PREPROCESSOR_DEFINITIONS = (
					"ENABLE_OAUTH=1",
					"USE_LIBXML=1",
				);
				GCC_PREPROCESSOR_DEFINITIONS_NOT_USED_IN_PRECOMPS = "";
				GCC_WARN_ABOUT_RETURN_TYPE = YES;
				GCC_WARN_UNUSED_VARIABLE = YES;
				HEADER_SEARCH_PATHS = "$SDKROOT/usr/include/libxml2/**";
				IPHONEOS_DEPLOYMENT_TARGET = 3.0;
				OTHER_CFLAGS = "-DNS_BLOCK_ASSERTIONS=1";
				PREBINDING = NO;
				"PROVISIONING_PROFILE[sdk=iphoneos*]" = "";
				SDKROOT = iphoneos4.0;
			};
			name = Distribution;
		};
		41C09381120C35A000276FD3 /* Distribution */ = {
			isa = XCBuildConfiguration;
			buildSettings = {
				ALWAYS_SEARCH_USER_PATHS = NO;
				COPY_PHASE_STRIP = YES;
				GCC_PRECOMPILE_PREFIX_HEADER = YES;
				GCC_PREFIX_HEADER = twpie_Prefix.pch;
				INFOPLIST_FILE = "twpie-Info.plist";
				PRODUCT_NAME = twpie;
				VALIDATE_PRODUCT = YES;
			};
			name = Distribution;
		};
		C01FCF4F08A954540054247B /* Debug */ = {
			isa = XCBuildConfiguration;
			buildSettings = {
				ARCHS = "$(ARCHS_STANDARD_32_BIT)";
				"CODE_SIGN_IDENTITY[sdk=iphoneos*]" = "iPhone Developer";
				GCC_C_LANGUAGE_STANDARD = c99;
				GCC_PREPROCESSOR_DEFINITIONS = (
					"DEBUG=1",
					"ENABLE_OAUTH=1",
					"USE_LIBXML=1",
				);
				GCC_PREPROCESSOR_DEFINITIONS_NOT_USED_IN_PRECOMPS = "";
				GCC_WARN_ABOUT_RETURN_TYPE = YES;
				GCC_WARN_UNUSED_VARIABLE = YES;
				HEADER_SEARCH_PATHS = "$SDKROOT/usr/include/libxml2/**";
				IPHONEOS_DEPLOYMENT_TARGET = 3.0;
				PREBINDING = NO;
				SDKROOT = iphoneos4.0;
			};
			name = Debug;
		};
		C01FCF5008A954540054247B /* Release */ = {
			isa = XCBuildConfiguration;
			buildSettings = {
				ARCHS = "$(ARCHS_STANDARD_32_BIT)";
				"CODE_SIGN_IDENTITY[sdk=iphoneos*]" = "iPhone Developer";
				GCC_C_LANGUAGE_STANDARD = c99;
				GCC_PREPROCESSOR_DEFINITIONS = (
					"ENABLE_OAUTH=1",
					"USE_LIBXML=1",
				);
				GCC_PREPROCESSOR_DEFINITIONS_NOT_USED_IN_PRECOMPS = "";
				GCC_WARN_ABOUT_RETURN_TYPE = YES;
				GCC_WARN_UNUSED_VARIABLE = YES;
				HEADER_SEARCH_PATHS = "$SDKROOT/usr/include/libxml2/**";
				IPHONEOS_DEPLOYMENT_TARGET = 3.0;
				OTHER_CFLAGS = "-DNS_BLOCK_ASSERTIONS=1";
				PREBINDING = NO;
				SDKROOT = iphoneos4.0;
			};
			name = Release;
		};
/* End XCBuildConfiguration section */

/* Begin XCConfigurationList section */
		1D6058960D05DD3E006BFB54 /* Build configuration list for PBXNativeTarget "twpie" */ = {
			isa = XCConfigurationList;
			buildConfigurations = (
				1D6058940D05DD3E006BFB54 /* Debug */,
				1D6058950D05DD3E006BFB54 /* Release */,
				41C09381120C35A000276FD3 /* Distribution */,
			);
			defaultConfigurationIsVisible = 0;
			defaultConfigurationName = Release;
		};
		C01FCF4E08A954540054247B /* Build configuration list for PBXProject "twpie" */ = {
			isa = XCConfigurationList;
			buildConfigurations = (
				C01FCF4F08A954540054247B /* Debug */,
				C01FCF5008A954540054247B /* Release */,
				41C09380120C35A000276FD3 /* Distribution */,
			);
			defaultConfigurationIsVisible = 0;
			defaultConfigurationName = Release;
		};
/* End XCConfigurationList section */
	};
	rootObject = 29B97313FDCFA39411CA2CEA /* Project object */;
}
